{
  "requires": true,
  "lockfileVersion": 1,
  "dependencies": {
    "@vue/devtools-api": {
      "version": "6.6.3",
      "resolved": "https://registry.npmmirror.com/@vue/devtools-api/-/devtools-api-6.6.3.tgz",
      "integrity": "sha512-0MiMsFma/HqA6g3KLKn+AGpL1kgKhFWszC9U29NfpWK5LE7bjeXxySWJrOJ77hBz+TBrBQ7o4QJqbPbqbs8rJw=="
    },
    "pinia": {
      "version": "2.1.7",
      "resolved": "https://registry.npmmirror.com/pinia/-/pinia-2.1.7.tgz",
      "integrity": "sha512-+C2AHFtcFqjPih0zpYuvof37SFxMQ7OEG2zV9jRI12i9BOy3YQVAHwdKtyyc8pDcDyIc33WCIsZaCFWU7WWxGQ==",
      "requires": {
        "@vue/devtools-api": "^6.5.0",
        "vue-demi": ">=0.14.5"
      }
    },
    "pinia-plugin-persistedstate": {
      "version": "3.2.1",
      "resolved": "https://registry.npmmirror.com/pinia-plugin-persistedstate/-/pinia-plugin-persistedstate-3.2.1.tgz",
      "integrity": "sha512-MK++8LRUsGF7r45PjBFES82ISnPzyO6IZx3CH5vyPseFLZCk1g2kgx6l/nW8pEBKxxd4do0P6bJw+mUSZIEZUQ=="
    },
    "vue-demi": {
      "version": "0.14.8",
      "resolved": "https://registry.npmmirror.com/vue-demi/-/vue-demi-0.14.8.tgz",
      "integrity": "sha512-Uuqnk9YE9SsWeReYqK2alDI5YzciATE0r2SkA6iMAtuXvNTMNACJLJEXNXaEy94ECuBe4Sk6RzRU80kjdbIo1Q=="
    }
  }
}
